
Microsoft Visual Studio Solution File, Format Version 12.00
# Visual Studio 15
VisualStudioVersion = 15.0.27130.2010
MinimumVisualStudioVersion = 10.0.40219.1
Project("{FAE04EC0-301F-11D3-BF4B-00C04F79EFBC}") = "EventsApp", "EventsApp\EventsApp.csproj", "{1D66BB5A-0E98-4F74-B2E5-0880A5630AAE}"
EndProject
Project("{FAE04EC0-301F-11D3-BF4B-00C04F79EFBC}") = "Backend", "Backend\Backend.csproj", "{B567C6C8-2338-4754-A30C-9BE121AFDED3}"
EndProject
Global
	GlobalSection(SolutionConfigurationPlatforms) = preSolution
		Debug|Any CPU = Debug|Any CPU
		Release|Any CPU = Release|Any CPU
	EndGlobalSection
	GlobalSection(ProjectConfigurationPlatforms) = postSolution
		{1D66BB5A-0E98-4F74-B2E5-0880A5630AAE}.Debug|Any CPU.ActiveCfg = Debug|Any CPU
		{1D66BB5A-0E98-4F74-B2E5-0880A5630AAE}.Debug|Any CPU.Build.0 = Debug|Any CPU
		{1D66BB5A-0E98-4F74-B2E5-0880A5630AAE}.Debug|Any CPU.Deploy.0 = Debug|Any CPU
		{1D66BB5A-0E98-4F74-B2E5-0880A5630AAE}.Release|Any CPU.ActiveCfg = Release|Any CPU
		{1D66BB5A-0E98-4F74-B2E5-0880A5630AAE}.Release|Any CPU.Build.0 = Release|Any CPU
		{1D66BB5A-0E98-4F74-B2E5-0880A5630AAE}.Release|Any CPU.Deploy.0 = Release|Any CPU
		{B567C6C8-2338-4754-A30C-9BE121AFDED3}.Debug|Any CPU.ActiveCfg = Debug|Any CPU
		{B567C6C8-2338-4754-A30C-9BE121AFDED3}.Debug|Any CPU.Build.0 = Debug|Any CPU
		{B567C6C8-2338-4754-A30C-9BE121AFDED3}.Release|Any CPU.ActiveCfg = Release|Any CPU
		{B567C6C8-2338-4754-A30C-9BE121AFDED3}.Release|Any CPU.Build.0 = Release|Any CPU
	EndGlobalSection
	GlobalSection(SolutionProperties) = preSolution
		HideSolutionNode = FALSE
	EndGlobalSection
	GlobalSection(ExtensibilityGlobals) = postSolution
		SolutionGuid = {02EDAA4E-EDD0-4572-A890-CD70BBF824FF}
	EndGlobalSection
EndGlobal
